// !$*UTF8*$!
{
	archiveVersion = 1;
	classes = {
	};
	objectVersion = 56;
	objects = {

/* Begin PBXBuildFile section */
		35ED07A62BD641FC00CF5A60 /* bay_calculatorApp.swift in Sources */ = {isa = PBXBuildFile; fileRef = 35ED07A52BD641FC00CF5A60 /* bay_calculatorApp.swift */; };
		35ED07A82BD641FC00CF5A60 /* ContentView.swift in Sources */ = {isa = PBXBuildFile; fileRef = 35ED07A72BD641FC00CF5A60 /* ContentView.swift */; };
		35ED07AA2BD641FC00CF5A60 /* Item.swift in Sources */ = {isa = PBXBuildFile; fileRef = 35ED07A92BD641FC00CF5A60 /* Item.swift */; };
		35ED07AC2BD6420200CF5A60 /* Assets.xcassets in Resources */ = {isa = PBXBuildFile; fileRef = 35ED07AB2BD6420200CF5A60 /* Assets.xcassets */; };
		35ED07AF2BD6420200CF5A60 /* Preview Assets.xcassets in Resources */ = {isa = PBXBuildFile; fileRef = 35ED07AE2BD6420200CF5A60 /* Preview Assets.xcassets */; };
		35ED07B72BD6454100CF5A60 /* Worker.swift in Sources */ = {isa = PBXBuildFile; fileRef = 35ED07B62BD6454100CF5A60 /* Worker.swift */; };
		35ED07B92BD6454B00CF5A60 /* User.swift in Sources */ = {isa = PBXBuildFile; fileRef = 35ED07B82BD6454B00CF5A60 /* User.swift */; };
		35ED07BB2BD6455200CF5A60 /* Team.swift in Sources */ = {isa = PBXBuildFile; fileRef = 35ED07BA2BD6455200CF5A60 /* Team.swift */; };
		35ED07C32BD649B800CF5A60 /* LoginView.swift in Sources */ = {isa = PBXBuildFile; fileRef = 35ED07C22BD649B800CF5A60 /* LoginView.swift */; };
		35ED07C52BD649D100CF5A60 /* CreateAccountView.swift in Sources */ = {isa = PBXBuildFile; fileRef = 35ED07C42BD649D100CF5A60 /* CreateAccountView.swift */; };
/* End PBXBuildFile section */

/* Begin PBXFileReference section */
		35ED07A22BD641FC00CF5A60 /* bay-calculator.app */ = {isa = PBXFileReference; explicitFileType = wrapper.application; includeInIndex = 0; path = "bay-calculator.app"; sourceTree = BUILT_PRODUCTS_DIR; };
		35ED07A52BD641FC00CF5A60 /* bay_calculatorApp.swift */ = {isa = PBXFileReference; lastKnownFileType = sourcecode.swift; path = bay_calculatorApp.swift; sourceTree = "<group>"; };
		35ED07A72BD641FC00CF5A60 /* ContentView.swift */ = {isa = PBXFileReference; lastKnownFileType = sourcecode.swift; path = ContentView.swift; sourceTree = "<group>"; };
		35ED07A92BD641FC00CF5A60 /* Item.swift */ = {isa = PBXFileReference; lastKnownFileType = sourcecode.swift; path = Item.swift; sourceTree = "<group>"; };
		35ED07AB2BD6420200CF5A60 /* Assets.xcassets */ = {isa = PBXFileReference; lastKnownFileType = folder.assetcatalog; path = Assets.xcassets; sourceTree = "<group>"; };
		35ED07AE2BD6420200CF5A60 /* Preview Assets.xcassets */ = {isa = PBXFileReference; lastKnownFileType = folder.assetcatalog; path = "Preview Assets.xcassets"; sourceTree = "<group>"; };
		35ED07B62BD6454100CF5A60 /* Worker.swift */ = {isa = PBXFileReference; lastKnownFileType = sourcecode.swift; path = Worker.swift; sourceTree = "<group>"; };
		35ED07B82BD6454B00CF5A60 /* User.swift */ = {isa = PBXFileReference; lastKnownFileType = sourcecode.swift; path = User.swift; sourceTree = "<group>"; };
		35ED07BA2BD6455200CF5A60 /* Team.swift */ = {isa = PBXFileReference; lastKnownFileType = sourcecode.swift; path = Team.swift; sourceTree = "<group>"; };
		35ED07C22BD649B800CF5A60 /* LoginView.swift */ = {isa = PBXFileReference; lastKnownFileType = sourcecode.swift; path = LoginView.swift; sourceTree = "<group>"; };
		35ED07C42BD649D100CF5A60 /* CreateAccountView.swift */ = {isa = PBXFileReference; lastKnownFileType = sourcecode.swift; path = CreateAccountView.swift; sourceTree = "<group>"; };
/* End PBXFileReference section */

/* Begin PBXFrameworksBuildPhase section */
		35ED079F2BD641FC00CF5A60 /* Frameworks */ = {
			isa = PBXFrameworksBuildPhase;
			buildActionMask = 2147483647;
			files = (
			);
			runOnlyForDeploymentPostprocessing = 0;
		};
/* End PBXFrameworksBuildPhase section */

/* Begin PBXGroup section */
		35ED07992BD641FC00CF5A60 = {
			isa = PBXGroup;
			children = (
				35ED07A42BD641FC00CF5A60 /* bay-calculator */,
				35ED07A32BD641FC00CF5A60 /* Products */,
			);
			sourceTree = "<group>";
		};
		35ED07A32BD641FC00CF5A60 /* Products */ = {
			isa = PBXGroup;
			children = (
				35ED07A22BD641FC00CF5A60 /* bay-calculator.app */,
			);
			name = Products;
			sourceTree = "<group>";
		};
		35ED07A42BD641FC00CF5A60 /* bay-calculator */ = {
			isa = PBXGroup;
			children = (
				35ED07BC2BD648D900CF5A60 /* pages */,
				35ED07B52BD643A200CF5A60 /* models */,
				35ED07A52BD641FC00CF5A60 /* bay_calculatorApp.swift */,
				35ED07A72BD641FC00CF5A60 /* ContentView.swift */,
				35ED07A92BD641FC00CF5A60 /* Item.swift */,
				35ED07AB2BD6420200CF5A60 /* Assets.xcassets */,
				35ED07AD2BD6420200CF5A60 /* Preview Content */,
			);
			path = "bay-calculator";
			sourceTree = "<group>";
		};
		35ED07AD2BD6420200CF5A60 /* Preview Content */ = {
			isa = PBXGroup;
			children = (
				35ED07AE2BD6420200CF5A60 /* Preview Assets.xcassets */,
			);
			path = "Preview Content";
			sourceTree = "<group>";
		};
		35ED07B52BD643A200CF5A60 /* models */ = {
			isa = PBXGroup;
			children = (
				35ED07B62BD6454100CF5A60 /* Worker.swift */,
				35ED07B82BD6454B00CF5A60 /* User.swift */,
				35ED07BA2BD6455200CF5A60 /* Team.swift */,
			);
			path = models;
			sourceTree = "<group>";
		};
		35ED07BC2BD648D900CF5A60 /* pages */ = {
			isa = PBXGroup;
			children = (
				35ED07BD2BD648E100CF5A60 /* auth */,
			);
			path = pages;
			sourceTree = "<group>";
		};
		35ED07BD2BD648E100CF5A60 /* auth */ = {
			isa = PBXGroup;
			children = (
				35ED07C22BD649B800CF5A60 /* LoginView.swift */,
				35ED07C42BD649D100CF5A60 /* CreateAccountView.swift */,
			);
			path = auth;
			sourceTree = "<group>";
		};
/* End PBXGroup section */

/* Begin PBXNativeTarget section */
		35ED07A12BD641FC00CF5A60 /* bay-calculator */ = {
			isa = PBXNativeTarget;
			buildConfigurationList = 35ED07B22BD6420200CF5A60 /* Build configuration list for PBXNativeTarget "bay-calculator" */;
			buildPhases = (
				35ED079E2BD641FC00CF5A60 /* Sources */,
				35ED079F2BD641FC00CF5A60 /* Frameworks */,
				35ED07A02BD641FC00CF5A60 /* Resources */,
			);
			buildRules = (
			);
			dependencies = (
			);
			name = "bay-calculator";
			productName = "bay-calculator";
			productReference = 35ED07A22BD641FC00CF5A60 /* bay-calculator.app */;
			productType = "com.apple.product-type.application";
		};
/* End PBXNativeTarget section */

/* Begin PBXProject section */
		35ED079A2BD641FC00CF5A60 /* Project object */ = {
			isa = PBXProject;
			attributes = {
				BuildIndependentTargetsInParallel = 1;
				LastSwiftUpdateCheck = 1500;
				LastUpgradeCheck = 1500;
				TargetAttributes = {
					35ED07A12BD641FC00CF5A60 = {
						CreatedOnToolsVersion = 15.0;
					};
				};
			};
			buildConfigurationList = 35ED079D2BD641FC00CF5A60 /* Build configuration list for PBXProject "bay-calculator" */;
			compatibilityVersion = "Xcode 14.0";
			developmentRegion = en;
			hasScannedForEncodings = 0;
			knownRegions = (
				en,
				Base,
			);
			mainGroup = 35ED07992BD641FC00CF5A60;
			productRefGroup = 35ED07A32BD641FC00CF5A60 /* Products */;
			projectDirPath = "";
			projectRoot = "";
			targets = (
				35ED07A12BD641FC00CF5A60 /* bay-calculator */,
			);
		};
/* End PBXProject section */

/* Begin PBXResourcesBuildPhase section */
		35ED07A02BD641FC00CF5A60 /* Resources */ = {
			isa = PBXResourcesBuildPhase;
			buildActionMask = 2147483647;
			files = (
				35ED07AF2BD6420200CF5A60 /* Preview Assets.xcassets in Resources */,
				35ED07AC2BD6420200CF5A60 /* Assets.xcassets in Resources */,
			);
			runOnlyForDeploymentPostprocessing = 0;
		};
/* End PBXResourcesBuildPhase section */

/* Begin PBXSourcesBuildPhase section */
		35ED079E2BD641FC00CF5A60 /* Sources */ = {
			isa = PBXSourcesBuildPhase;
			buildActionMask = 2147483647;
			files = (
				35ED07BB2BD6455200CF5A60 /* Team.swift in Sources */,
				35ED07A82BD641FC00CF5A60 /* ContentView.swift in Sources */,
				35ED07B72BD6454100CF5A60 /* Worker.swift in Sources */,
				35ED07AA2BD641FC00CF5A60 /* Item.swift in Sources */,
				35ED07B92BD6454B00CF5A60 /* User.swift in Sources */,
				35ED07A62BD641FC00CF5A60 /* bay_calculatorApp.swift in Sources */,
				35ED07C52BD649D100CF5A60 /* CreateAccountView.swift in Sources */,
				35ED07C32BD649B800CF5A60 /* LoginView.swift in Sources */,
			);
			runOnlyForDeploymentPostprocessing = 0;
		};
/* End PBXSourcesBuildPhase section */

/* Begin XCBuildConfiguration section */
		35ED07B02BD6420200CF5A60 /* Debug */ = {
			isa = XCBuildConfiguration;
			buildSettings = {
				ALWAYS_SEARCH_USER_PATHS = NO;
				ASSETCATALOG_COMPILER_GENERATE_SWIFT_ASSET_SYMBOL_EXTENSIONS = YES;
				CLANG_ANALYZER_NONNULL = YES;
				CLANG_ANALYZER_NUMBER_OBJECT_CONVERSION = YES_AGGRESSIVE;
				CLANG_CXX_LANGUAGE_STANDARD = "gnu++20";
				CLANG_ENABLE_MODULES = YES;
				CLANG_ENABLE_OBJC_ARC = YES;
				CLANG_ENABLE_OBJC_WEAK = YES;
				CLANG_WARN_BLOCK_CAPTURE_AUTORELEASING = YES;
				CLANG_WARN_BOOL_CONVERSION = YES;
				CLANG_WARN_COMMA = YES;
				CLANG_WARN_CONSTANT_CONVERSION = YES;
				CLANG_WARN_DEPRECATED_OBJC_IMPLEMENTATIONS = YES;
				CLANG_WARN_DIRECT_OBJC_ISA_USAGE = YES_ERROR;
				CLANG_WARN_DOCUMENTATION_COMMENTS = YES;
				CLANG_WARN_EMPTY_BODY = YES;
				CLANG_WARN_ENUM_CONVERSION = YES;
				CLANG_WARN_INFINITE_RECURSION = YES;
				CLANG_WARN_INT_CONVERSION = YES;
				CLANG_WARN_NON_LITERAL_NULL_CONVERSION = YES;
				CLANG_WARN_OBJC_IMPLICIT_RETAIN_SELF = YES;
				CLANG_WARN_OBJC_LITERAL_CONVERSION = YES;
				CLANG_WARN_OBJC_ROOT_CLASS = YES_ERROR;
				CLANG_WARN_QUOTED_INCLUDE_IN_FRAMEWORK_HEADER = YES;
				CLANG_WARN_RANGE_LOOP_ANALYSIS = YES;
				CLANG_WARN_STRICT_PROTOTYPES = YES;
				CLANG_WARN_SUSPICIOUS_MOVE = YES;
				CLANG_WARN_UNGUARDED_AVAILABILITY = YES_AGGRESSIVE;
				CLANG_WARN_UNREACHABLE_CODE = YES;
				CLANG_WARN__DUPLICATE_METHOD_MATCH = YES;
				COPY_PHASE_STRIP = NO;
				DEBUG_INFORMATION_FORMAT = dwarf;
				ENABLE_STRICT_OBJC_MSGSEND = YES;
				ENABLE_TESTABILITY = YES;
				ENABLE_USER_SCRIPT_SANDBOXING = YES;
				GCC_C_LANGUAGE_STANDARD = gnu17;
				GCC_DYNAMIC_NO_PIC = NO;
				GCC_NO_COMMON_BLOCKS = YES;
				GCC_OPTIMIZATION_LEVEL = 0;
				GCC_PREPROCESSOR_DEFINITIONS = (
					"DEBUG=1",
					"$(inherited)",
				);
				GCC_WARN_64_TO_32_BIT_CONVERSION = YES;
				GCC_WARN_ABOUT_RETURN_TYPE = YES_ERROR;
				GCC_WARN_UNDECLARED_SELECTOR = YES;
				GCC_WARN_UNINITIALIZED_AUTOS = YES_AGGRESSIVE;
				GCC_WARN_UNUSED_FUNCTION = YES;
				GCC_WARN_UNUSED_VARIABLE = YES;
				IPHONEOS_DEPLOYMENT_TARGET = 17.0;
				LOCALIZATION_PREFERS_STRING_CATALOGS = YES;
				MTL_ENABLE_DEBUG_INFO = INCLUDE_SOURCE;
				MTL_FAST_MATH = YES;
				ONLY_ACTIVE_ARCH = YES;
				SDKROOT = iphoneos;
				SWIFT_ACTIVE_COMPILATION_CONDITIONS = "DEBUG $(inherited)";
				SWIFT_OPTIMIZATION_LEVEL = "-Onone";
			};
			name = Debug;
		};
		35ED07B12BD6420200CF5A60 /* Release */ = {
			isa = XCBuildConfiguration;
			buildSettings = {
				ALWAYS_SEARCH_USER_PATHS = NO;
				ASSETCATALOG_COMPILER_GENERATE_SWIFT_ASSET_SYMBOL_EXTENSIONS = YES;
				CLANG_ANALYZER_NONNULL = YES;
				CLANG_ANALYZER_NUMBER_OBJECT_CONVERSION = YES_AGGRESSIVE;
				CLANG_CXX_LANGUAGE_STANDARD = "gnu++20";
				CLANG_ENABLE_MODULES = YES;
				CLANG_ENABLE_OBJC_ARC = YES;
				CLANG_ENABLE_OBJC_WEAK = YES;
				CLANG_WARN_BLOCK_CAPTURE_AUTORELEASING = YES;
				CLANG_WARN_BOOL_CONVERSION = YES;
				CLANG_WARN_COMMA = YES;
				CLANG_WARN_CONSTANT_CONVERSION = YES;
				CLANG_WARN_DEPRECATED_OBJC_IMPLEMENTATIONS = YES;
				CLANG_WARN_DIRECT_OBJC_ISA_USAGE = YES_ERROR;
				CLANG_WARN_DOCUMENTATION_COMMENTS = YES;
				CLANG_WARN_EMPTY_BODY = YES;
				CLANG_WARN_ENUM_CONVERSION = YES;
				CLANG_WARN_INFINITE_RECURSION = YES;
				CLANG_WARN_INT_CONVERSION = YES;
				CLANG_WARN_NON_LITERAL_NULL_CONVERSION = YES;
				CLANG_WARN_OBJC_IMPLICIT_RETAIN_SELF = YES;
				CLANG_WARN_OBJC_LITERAL_CONVERSION = YES;
				CLANG_WARN_OBJC_ROOT_CLASS = YES_ERROR;
				CLANG_WARN_QUOTED_INCLUDE_IN_FRAMEWORK_HEADER = YES;
				CLANG_WARN_RANGE_LOOP_ANALYSIS = YES;
				CLANG_WARN_STRICT_PROTOTYPES = YES;
				CLANG_WARN_SUSPICIOUS_MOVE = YES;
				CLANG_WARN_UNGUARDED_AVAILABILITY = YES_AGGRESSIVE;
				CLANG_WARN_UNREACHABLE_CODE = YES;
				CLANG_WARN__DUPLICATE_METHOD_MATCH = YES;
				COPY_PHASE_STRIP = NO;
				DEBUG_INFORMATION_FORMAT = "dwarf-with-dsym";
				ENABLE_NS_ASSERTIONS = NO;
				ENABLE_STRICT_OBJC_MSGSEND = YES;
				ENABLE_USER_SCRIPT_SANDBOXING = YES;
				GCC_C_LANGUAGE_STANDARD = gnu17;
				GCC_NO_COMMON_BLOCKS = YES;
				GCC_WARN_64_TO_32_BIT_CONVERSION = YES;
				GCC_WARN_ABOUT_RETURN_TYPE = YES_ERROR;
				GCC_WARN_UNDECLARED_SELECTOR = YES;
				GCC_WARN_UNINITIALIZED_AUTOS = YES_AGGRESSIVE;
				GCC_WARN_UNUSED_FUNCTION = YES;
				GCC_WARN_UNUSED_VARIABLE = YES;
				IPHONEOS_DEPLOYMENT_TARGET = 17.0;
				LOCALIZATION_PREFERS_STRING_CATALOGS = YES;
				MTL_ENABLE_DEBUG_INFO = NO;
				MTL_FAST_MATH = YES;
				SDKROOT = iphoneos;
				SWIFT_COMPILATION_MODE = wholemodule;
				VALIDATE_PRODUCT = YES;
			};
			name = Release;
		};
		35ED07B32BD6420200CF5A60 /* Debug */ = {
			isa = XCBuildConfiguration;
			buildSettings = {
				ASSETCATALOG_COMPILER_APPICON_NAME = AppIcon;
				ASSETCATALOG_COMPILER_GLOBAL_ACCENT_COLOR_NAME = AccentColor;
				CODE_SIGN_STYLE = Automatic;
				CURRENT_PROJECT_VERSION = 1;
				DEVELOPMENT_ASSET_PATHS = "\"bay-calculator/Preview Content\"";
				DEVELOPMENT_TEAM = RL35JKD39V;
				ENABLE_PREVIEWS = YES;
				GENERATE_INFOPLIST_FILE = YES;
				INFOPLIST_KEY_UIApplicationSceneManifest_Generation = YES;
				INFOPLIST_KEY_UIApplicationSupportsIndirectInputEvents = YES;
				INFOPLIST_KEY_UILaunchScreen_Generation = YES;
				INFOPLIST_KEY_UISupportedInterfaceOrientations_iPad = "UIInterfaceOrientationPortrait UIInterfaceOrientationPortraitUpsideDown UIInterfaceOrientationLandscapeLeft UIInterfaceOrientationLandscapeRight";
				INFOPLIST_KEY_UISupportedInterfaceOrientations_iPhone = "UIInterfaceOrientationPortrait UIInterfaceOrientationLandscapeLeft UIInterfaceOrientationLandscapeRight";
				LD_RUNPATH_SEARCH_PATHS = (
					"$(inherited)",
					"@executable_path/Frameworks",
				);
				MARKETING_VERSION = 1.0;
				PRODUCT_BUNDLE_IDENTIFIER = "com.BenStacey.bay-calculator";
				PRODUCT_NAME = "$(TARGET_NAME)";
				SWIFT_EMIT_LOC_STRINGS = YES;
				SWIFT_VERSION = 5.0;
				TARGETED_DEVICE_FAMILY = "1,2";
			};
			name = Debug;
		};
		35ED07B42BD6420200CF5A60 /* Release */ = {
			isa = XCBuildConfiguration;
			buildSettings = {
				ASSETCATALOG_COMPILER_APPICON_NAME = AppIcon;
				ASSETCATALOG_COMPILER_GLOBAL_ACCENT_COLOR_NAME = AccentColor;
				CODE_SIGN_STYLE = Automatic;
				CURRENT_PROJECT_VERSION = 1;
				DEVELOPMENT_ASSET_PATHS = "\"bay-calculator/Preview Content\"";
				DEVELOPMENT_TEAM = RL35JKD39V;
				ENABLE_PREVIEWS = YES;
				GENERATE_INFOPLIST_FILE = YES;
				INFOPLIST_KEY_UIApplicationSceneManifest_Generation = YES;
				INFOPLIST_KEY_UIApplicationSupportsIndirectInputEvents = YES;
				INFOPLIST_KEY_UILaunchScreen_Generation = YES;
				INFOPLIST_KEY_UISupportedInterfaceOrientations_iPad = "UIInterfaceOrientationPortrait UIInterfaceOrientationPortraitUpsideDown UIInterfaceOrientationLandscapeLeft UIInterfaceOrientationLandscapeRight";
				INFOPLIST_KEY_UISupportedInterfaceOrientations_iPhone = "UIInterfaceOrientationPortrait UIInterfaceOrientationLandscapeLeft UIInterfaceOrientationLandscapeRight";
				LD_RUNPATH_SEARCH_PATHS = (
					"$(inherited)",
					"@executable_path/Frameworks",
				);
				MARKETING_VERSION = 1.0;
				PRODUCT_BUNDLE_IDENTIFIER = "com.BenStacey.bay-calculator";
				PRODUCT_NAME = "$(TARGET_NAME)";
				SWIFT_EMIT_LOC_STRINGS = YES;
				SWIFT_VERSION = 5.0;
				TARGETED_DEVICE_FAMILY = "1,2";
			};
			name = Release;
		};
/* End XCBuildConfiguration section */

/* Begin XCConfigurationList section */
		35ED079D2BD641FC00CF5A60 /* Build configuration list for PBXProject "bay-calculator" */ = {
			isa = XCConfigurationList;
			buildConfigurations = (
				35ED07B02BD6420200CF5A60 /* Debug */,
				35ED07B12BD6420200CF5A60 /* Release */,
			);
			defaultConfigurationIsVisible = 0;
			defaultConfigurationName = Release;
		};
		35ED07B22BD6420200CF5A60 /* Build configuration list for PBXNativeTarget "bay-calculator" */ = {
			isa = XCConfigurationList;
			buildConfigurations = (
				35ED07B32BD6420200CF5A60 /* Debug */,
				35ED07B42BD6420200CF5A60 /* Release */,
			);
			defaultConfigurationIsVisible = 0;
			defaultConfigurationName = Release;
		};
/* End XCConfigurationList section */
	};
	rootObject = 35ED079A2BD641FC00CF5A60 /* Project object */;
}
